
Microsoft Visual Studio Solution File, Format Version 12.00
# Visual Studio Version 17
VisualStudioVersion = 17.9.34616.47
MinimumVisualStudioVersion = 10.0.40219.1
Project("{FAE04EC0-301F-11D3-BF4B-00C04F79EFBC}") = "APIPRUEBAS", "APIPRUEBAS\APIPRUEBAS.csproj", "{DD8DF889-F65C-4135-B916-976D96A778B1}"
EndProject
Project("{FAE04EC0-301F-11D3-BF4B-00C04F79EFBC}") = "DataAccess", "DataAccess\DataAccess.csproj", "{96A4979A-BFB7-4ACB-B6BB-AB297307DA09}"
EndProject
Global
	GlobalSection(SolutionConfigurationPlatforms) = preSolution
		Debug|Any CPU = Debug|Any CPU
		Release|Any CPU = Release|Any CPU
	EndGlobalSection
	GlobalSection(ProjectConfigurationPlatforms) = postSolution
		{DD8DF889-F65C-4135-B916-976D96A778B1}.Debug|Any CPU.ActiveCfg = Debug|Any CPU
		{DD8DF889-F65C-4135-B916-976D96A778B1}.Debug|Any CPU.Build.0 = Debug|Any CPU
		{DD8DF889-F65C-4135-B916-976D96A778B1}.Release|Any CPU.ActiveCfg = Release|Any CPU
		{DD8DF889-F65C-4135-B916-976D96A778B1}.Release|Any CPU.Build.0 = Release|Any CPU
		{96A4979A-BFB7-4ACB-B6BB-AB297307DA09}.Debug|Any CPU.ActiveCfg = Debug|Any CPU
		{96A4979A-BFB7-4ACB-B6BB-AB297307DA09}.Debug|Any CPU.Build.0 = Debug|Any CPU
		{96A4979A-BFB7-4ACB-B6BB-AB297307DA09}.Release|Any CPU.ActiveCfg = Release|Any CPU
		{96A4979A-BFB7-4ACB-B6BB-AB297307DA09}.Release|Any CPU.Build.0 = Release|Any CPU
	EndGlobalSection
	GlobalSection(SolutionProperties) = preSolution
		HideSolutionNode = FALSE
	EndGlobalSection
	GlobalSection(ExtensibilityGlobals) = postSolution
		SolutionGuid = {182C4E35-298B-4B27-AC54-85C032658D33}
	EndGlobalSection
EndGlobal
